// !$*UTF8*$!
{
	archiveVersion = 1;
	classes = {
	};
	objectVersion = 55;
	objects = {

/* Begin PBXBuildFile section */
		8A35DC2028FE2865004BFFFA /* FlowInterface.swift in Sources */ = {isa = PBXBuildFile; fileRef = 8A35DC1F28FE2865004BFFFA /* FlowInterface.swift */; };
		8A35DC2A28FF4ECA004BFFFA /* Cores.swift in Sources */ = {isa = PBXBuildFile; fileRef = 8A35DC2928FF4ECA004BFFFA /* Cores.swift */; };
		8A35DC2C290086EF004BFFFA /* ReceitasView.swift in Sources */ = {isa = PBXBuildFile; fileRef = 8A35DC2B290086EF004BFFFA /* ReceitasView.swift */; };
		8AB8231129030EBE0088C950 /* SelectView.swift in Sources */ = {isa = PBXBuildFile; fileRef = 8AB8231029030EBE0088C950 /* SelectView.swift */; };
		8AF8B9392903261A00E903CB /* SulSansTest-LightItalic.otf in Resources */ = {isa = PBXBuildFile; fileRef = 8AF8B92F2903261A00E903CB /* SulSansTest-LightItalic.otf */; };
		8AF8B93A2903261A00E903CB /* SulSansTest-Medium.otf in Resources */ = {isa = PBXBuildFile; fileRef = 8AF8B9302903261A00E903CB /* SulSansTest-Medium.otf */; };
		8AF8B93B2903261A00E903CB /* SulSansTest-Regular.otf in Resources */ = {isa = PBXBuildFile; fileRef = 8AF8B9312903261A00E903CB /* SulSansTest-Regular.otf */; };
		8AF8B93C2903261A00E903CB /* SulSansTest-BlackItalic.otf in Resources */ = {isa = PBXBuildFile; fileRef = 8AF8B9322903261A00E903CB /* SulSansTest-BlackItalic.otf */; };
		8AF8B93D2903261A00E903CB /* SulSansTest-MediumItalic.otf in Resources */ = {isa = PBXBuildFile; fileRef = 8AF8B9332903261A00E903CB /* SulSansTest-MediumItalic.otf */; };
		8AF8B93E2903261A00E903CB /* SulSansTest-Black.otf in Resources */ = {isa = PBXBuildFile; fileRef = 8AF8B9342903261A00E903CB /* SulSansTest-Black.otf */; };
		8AF8B93F2903261A00E903CB /* SulSansTest-Light.otf in Resources */ = {isa = PBXBuildFile; fileRef = 8AF8B9352903261A00E903CB /* SulSansTest-Light.otf */; };
		8AF8B9402903261A00E903CB /* SulSansTest-BoldItalic.otf in Resources */ = {isa = PBXBuildFile; fileRef = 8AF8B9362903261A00E903CB /* SulSansTest-BoldItalic.otf */; };
		8AF8B9412903261A00E903CB /* SulSansTest-Bold.otf in Resources */ = {isa = PBXBuildFile; fileRef = 8AF8B9372903261A00E903CB /* SulSansTest-Bold.otf */; };
		8AF8B9422903261A00E903CB /* SulSansTest-Italic.otf in Resources */ = {isa = PBXBuildFile; fileRef = 8AF8B9382903261A00E903CB /* SulSansTest-Italic.otf */; };
		8AF8B946290704C100E903CB /* PageViewContent.swift in Sources */ = {isa = PBXBuildFile; fileRef = 8AF8B945290704C100E903CB /* PageViewContent.swift */; };
		E31AF6D528FDB931002DE056 /* RecipeModel.swift in Sources */ = {isa = PBXBuildFile; fileRef = E31AF6D428FDB931002DE056 /* RecipeModel.swift */; };
		E34AF7CD28F5FA6B00FFE597 /* GustoAppApp.swift in Sources */ = {isa = PBXBuildFile; fileRef = E34AF7CC28F5FA6B00FFE597 /* GustoAppApp.swift */; };
		E34AF7CF28F5FA6B00FFE597 /* ContentView.swift in Sources */ = {isa = PBXBuildFile; fileRef = E34AF7CE28F5FA6B00FFE597 /* ContentView.swift */; };
		E34AF7D128F5FA6C00FFE597 /* Assets.xcassets in Resources */ = {isa = PBXBuildFile; fileRef = E34AF7D028F5FA6C00FFE597 /* Assets.xcassets */; };
		E34AF7D428F5FA6C00FFE597 /* Preview Assets.xcassets in Resources */ = {isa = PBXBuildFile; fileRef = E34AF7D328F5FA6C00FFE597 /* Preview Assets.xcassets */; };
/* End PBXBuildFile section */

/* Begin PBXFileReference section */
		8A35DC1F28FE2865004BFFFA /* FlowInterface.swift */ = {isa = PBXFileReference; lastKnownFileType = sourcecode.swift; path = FlowInterface.swift; sourceTree = "<group>"; };
		8A35DC2928FF4ECA004BFFFA /* Cores.swift */ = {isa = PBXFileReference; lastKnownFileType = sourcecode.swift; path = Cores.swift; sourceTree = "<group>"; };
		8A35DC2B290086EF004BFFFA /* ReceitasView.swift */ = {isa = PBXFileReference; lastKnownFileType = sourcecode.swift; path = ReceitasView.swift; sourceTree = "<group>"; };
		8AB8231029030EBE0088C950 /* SelectView.swift */ = {isa = PBXFileReference; lastKnownFileType = sourcecode.swift; path = SelectView.swift; sourceTree = "<group>"; };
		8AF8B92F2903261A00E903CB /* SulSansTest-LightItalic.otf */ = {isa = PBXFileReference; lastKnownFileType = file; path = "SulSansTest-LightItalic.otf"; sourceTree = "<group>"; };
		8AF8B9302903261A00E903CB /* SulSansTest-Medium.otf */ = {isa = PBXFileReference; lastKnownFileType = file; path = "SulSansTest-Medium.otf"; sourceTree = "<group>"; };
		8AF8B9312903261A00E903CB /* SulSansTest-Regular.otf */ = {isa = PBXFileReference; lastKnownFileType = file; path = "SulSansTest-Regular.otf"; sourceTree = "<group>"; };
		8AF8B9322903261A00E903CB /* SulSansTest-BlackItalic.otf */ = {isa = PBXFileReference; lastKnownFileType = file; path = "SulSansTest-BlackItalic.otf"; sourceTree = "<group>"; };
		8AF8B9332903261A00E903CB /* SulSansTest-MediumItalic.otf */ = {isa = PBXFileReference; lastKnownFileType = file; path = "SulSansTest-MediumItalic.otf"; sourceTree = "<group>"; };
		8AF8B9342903261A00E903CB /* SulSansTest-Black.otf */ = {isa = PBXFileReference; lastKnownFileType = file; path = "SulSansTest-Black.otf"; sourceTree = "<group>"; };
		8AF8B9352903261A00E903CB /* SulSansTest-Light.otf */ = {isa = PBXFileReference; lastKnownFileType = file; path = "SulSansTest-Light.otf"; sourceTree = "<group>"; };
		8AF8B9362903261A00E903CB /* SulSansTest-BoldItalic.otf */ = {isa = PBXFileReference; lastKnownFileType = file; path = "SulSansTest-BoldItalic.otf"; sourceTree = "<group>"; };
		8AF8B9372903261A00E903CB /* SulSansTest-Bold.otf */ = {isa = PBXFileReference; lastKnownFileType = file; path = "SulSansTest-Bold.otf"; sourceTree = "<group>"; };
		8AF8B9382903261A00E903CB /* SulSansTest-Italic.otf */ = {isa = PBXFileReference; lastKnownFileType = file; path = "SulSansTest-Italic.otf"; sourceTree = "<group>"; };
		8AF8B9432903262400E903CB /* Info.plist */ = {isa = PBXFileReference; lastKnownFileType = text.plist; path = Info.plist; sourceTree = "<group>"; };
		8AF8B945290704C100E903CB /* PageViewContent.swift */ = {isa = PBXFileReference; lastKnownFileType = sourcecode.swift; path = PageViewContent.swift; sourceTree = "<group>"; };
		E31AF6D428FDB931002DE056 /* RecipeModel.swift */ = {isa = PBXFileReference; lastKnownFileType = sourcecode.swift; path = RecipeModel.swift; sourceTree = "<group>"; };
		E34AF7C928F5FA6B00FFE597 /* GustoApp.app */ = {isa = PBXFileReference; explicitFileType = wrapper.application; includeInIndex = 0; path = GustoApp.app; sourceTree = BUILT_PRODUCTS_DIR; };
		E34AF7CC28F5FA6B00FFE597 /* GustoAppApp.swift */ = {isa = PBXFileReference; lastKnownFileType = sourcecode.swift; path = GustoAppApp.swift; sourceTree = "<group>"; };
		E34AF7CE28F5FA6B00FFE597 /* ContentView.swift */ = {isa = PBXFileReference; lastKnownFileType = sourcecode.swift; path = ContentView.swift; sourceTree = "<group>"; };
		E34AF7D028F5FA6C00FFE597 /* Assets.xcassets */ = {isa = PBXFileReference; lastKnownFileType = folder.assetcatalog; path = Assets.xcassets; sourceTree = "<group>"; };
		E34AF7D328F5FA6C00FFE597 /* Preview Assets.xcassets */ = {isa = PBXFileReference; lastKnownFileType = folder.assetcatalog; path = "Preview Assets.xcassets"; sourceTree = "<group>"; };
/* End PBXFileReference section */

/* Begin PBXFrameworksBuildPhase section */
		E34AF7C628F5FA6B00FFE597 /* Frameworks */ = {
			isa = PBXFrameworksBuildPhase;
			buildActionMask = 2147483647;
			files = (
			);
			runOnlyForDeploymentPostprocessing = 0;
		};
/* End PBXFrameworksBuildPhase section */

/* Begin PBXGroup section */
		8AF8B9442903285500E903CB /* Fontes */ = {
			isa = PBXGroup;
			children = (
				8AF8B9342903261A00E903CB /* SulSansTest-Black.otf */,
				8AF8B9322903261A00E903CB /* SulSansTest-BlackItalic.otf */,
				8AF8B9372903261A00E903CB /* SulSansTest-Bold.otf */,
				8AF8B9362903261A00E903CB /* SulSansTest-BoldItalic.otf */,
				8AF8B9382903261A00E903CB /* SulSansTest-Italic.otf */,
				8AF8B9352903261A00E903CB /* SulSansTest-Light.otf */,
				8AF8B92F2903261A00E903CB /* SulSansTest-LightItalic.otf */,
				8AF8B9302903261A00E903CB /* SulSansTest-Medium.otf */,
				8AF8B9332903261A00E903CB /* SulSansTest-MediumItalic.otf */,
				8AF8B9312903261A00E903CB /* SulSansTest-Regular.otf */,
			);
			path = Fontes;
			sourceTree = "<group>";
		};
		E31AF6C328FDB714002DE056 /* Views */ = {
			isa = PBXGroup;
			children = (
				E31AF6C628FDB742002DE056 /* Components */,
				E31AF6C428FDB724002DE056 /* Main */,
			);
			path = Views;
			sourceTree = "<group>";
		};
		E31AF6C428FDB724002DE056 /* Main */ = {
			isa = PBXGroup;
			children = (
				E34AF7CE28F5FA6B00FFE597 /* ContentView.swift */,
			);
			path = Main;
			sourceTree = "<group>";
		};
		E31AF6C628FDB742002DE056 /* Components */ = {
			isa = PBXGroup;
			children = (
			);
			path = Components;
			sourceTree = "<group>";
		};
		E31AF6D328FDB8FA002DE056 /* Models */ = {
			isa = PBXGroup;
			children = (
				E31AF6D428FDB931002DE056 /* RecipeModel.swift */,
				8AF8B945290704C100E903CB /* PageViewContent.swift */,
			);
			path = Models;
			sourceTree = "<group>";
		};
		E34AF7C028F5FA6B00FFE597 = {
			isa = PBXGroup;
			children = (
				E34AF7CB28F5FA6B00FFE597 /* GustoApp */,
				E34AF7CA28F5FA6B00FFE597 /* Products */,
			);
			sourceTree = "<group>";
		};
		E34AF7CA28F5FA6B00FFE597 /* Products */ = {
			isa = PBXGroup;
			children = (
				E34AF7C928F5FA6B00FFE597 /* GustoApp.app */,
			);
			name = Products;
			sourceTree = "<group>";
		};
		E34AF7CB28F5FA6B00FFE597 /* GustoApp */ = {
			isa = PBXGroup;
			children = (
				8AF8B9432903262400E903CB /* Info.plist */,
				E34AF7CC28F5FA6B00FFE597 /* GustoAppApp.swift */,
				E31AF6D328FDB8FA002DE056 /* Models */,
				E31AF6C328FDB714002DE056 /* Views */,
				E34AF7D028F5FA6C00FFE597 /* Assets.xcassets */,
				E34AF7D228F5FA6C00FFE597 /* Preview Content */,
				8A35DC1F28FE2865004BFFFA /* FlowInterface.swift */,
				8A35DC2B290086EF004BFFFA /* ReceitasView.swift */,
				8A35DC2928FF4ECA004BFFFA /* Cores.swift */,
				8AB8231029030EBE0088C950 /* SelectView.swift */,
				8AF8B9442903285500E903CB /* Fontes */,
			);
			path = GustoApp;
			sourceTree = "<group>";
		};
		E34AF7D228F5FA6C00FFE597 /* Preview Content */ = {
			isa = PBXGroup;
			children = (
				E34AF7D328F5FA6C00FFE597 /* Preview Assets.xcassets */,
			);
			path = "Preview Content";
			sourceTree = "<group>";
		};
/* End PBXGroup section */

/* Begin PBXNativeTarget section */
		E34AF7C828F5FA6B00FFE597 /* GustoApp */ = {
			isa = PBXNativeTarget;
			buildConfigurationList = E34AF7D728F5FA6C00FFE597 /* Build configuration list for PBXNativeTarget "GustoApp" */;
			buildPhases = (
				E34AF7C528F5FA6B00FFE597 /* Sources */,
				E34AF7C628F5FA6B00FFE597 /* Frameworks */,
				E34AF7C728F5FA6B00FFE597 /* Resources */,
			);
			buildRules = (
			);
			dependencies = (
			);
			name = GustoApp;
			productName = GustoApp;
			productReference = E34AF7C928F5FA6B00FFE597 /* GustoApp.app */;
			productType = "com.apple.product-type.application";
		};
/* End PBXNativeTarget section */

/* Begin PBXProject section */
		E34AF7C128F5FA6B00FFE597 /* Project object */ = {
			isa = PBXProject;
			attributes = {
				BuildIndependentTargetsInParallel = 1;
				LastSwiftUpdateCheck = 1330;
				LastUpgradeCheck = 1330;
				TargetAttributes = {
					E34AF7C828F5FA6B00FFE597 = {
						CreatedOnToolsVersion = 13.3;
					};
				};
			};
			buildConfigurationList = E34AF7C428F5FA6B00FFE597 /* Build configuration list for PBXProject "GustoApp" */;
			compatibilityVersion = "Xcode 13.0";
			developmentRegion = en;
			hasScannedForEncodings = 0;
			knownRegions = (
				en,
				Base,
			);
			mainGroup = E34AF7C028F5FA6B00FFE597;
			productRefGroup = E34AF7CA28F5FA6B00FFE597 /* Products */;
			projectDirPath = "";
			projectRoot = "";
			targets = (
				E34AF7C828F5FA6B00FFE597 /* GustoApp */,
			);
		};
/* End PBXProject section */

/* Begin PBXResourcesBuildPhase section */
		E34AF7C728F5FA6B00FFE597 /* Resources */ = {
			isa = PBXResourcesBuildPhase;
			buildActionMask = 2147483647;
			files = (
				8AF8B93A2903261A00E903CB /* SulSansTest-Medium.otf in Resources */,
				8AF8B93B2903261A00E903CB /* SulSansTest-Regular.otf in Resources */,
				8AF8B9392903261A00E903CB /* SulSansTest-LightItalic.otf in Resources */,
				8AF8B93C2903261A00E903CB /* SulSansTest-BlackItalic.otf in Resources */,
				E34AF7D428F5FA6C00FFE597 /* Preview Assets.xcassets in Resources */,
				E34AF7D128F5FA6C00FFE597 /* Assets.xcassets in Resources */,
				8AF8B93D2903261A00E903CB /* SulSansTest-MediumItalic.otf in Resources */,
				8AF8B93E2903261A00E903CB /* SulSansTest-Black.otf in Resources */,
				8AF8B9402903261A00E903CB /* SulSansTest-BoldItalic.otf in Resources */,
				8AF8B9422903261A00E903CB /* SulSansTest-Italic.otf in Resources */,
				8AF8B93F2903261A00E903CB /* SulSansTest-Light.otf in Resources */,
				8AF8B9412903261A00E903CB /* SulSansTest-Bold.otf in Resources */,
			);
			runOnlyForDeploymentPostprocessing = 0;
		};
/* End PBXResourcesBuildPhase section */

/* Begin PBXSourcesBuildPhase section */
		E34AF7C528F5FA6B00FFE597 /* Sources */ = {
			isa = PBXSourcesBuildPhase;
			buildActionMask = 2147483647;
			files = (
				8A35DC2C290086EF004BFFFA /* ReceitasView.swift in Sources */,
				E34AF7CF28F5FA6B00FFE597 /* ContentView.swift in Sources */,
				E34AF7CD28F5FA6B00FFE597 /* GustoAppApp.swift in Sources */,
				8AF8B946290704C100E903CB /* PageViewContent.swift in Sources */,
				8A35DC2A28FF4ECA004BFFFA /* Cores.swift in Sources */,
				8A35DC2028FE2865004BFFFA /* FlowInterface.swift in Sources */,
				8AB8231129030EBE0088C950 /* SelectView.swift in Sources */,
				E31AF6D528FDB931002DE056 /* RecipeModel.swift in Sources */,
			);
			runOnlyForDeploymentPostprocessing = 0;
		};
/* End PBXSourcesBuildPhase section */

/* Begin XCBuildConfiguration section */
		E34AF7D528F5FA6C00FFE597 /* Debug */ = {
			isa = XCBuildConfiguration;
			buildSettings = {
				ALWAYS_SEARCH_USER_PATHS = NO;
				CLANG_ANALYZER_NONNULL = YES;
				CLANG_ANALYZER_NUMBER_OBJECT_CONVERSION = YES_AGGRESSIVE;
				CLANG_CXX_LANGUAGE_STANDARD = "gnu++17";
				CLANG_ENABLE_MODULES = YES;
				CLANG_ENABLE_OBJC_ARC = YES;
				CLANG_ENABLE_OBJC_WEAK = YES;
				CLANG_WARN_BLOCK_CAPTURE_AUTORELEASING = YES;
				CLANG_WARN_BOOL_CONVERSION = YES;
				CLANG_WARN_COMMA = YES;
				CLANG_WARN_CONSTANT_CONVERSION = YES;
				CLANG_WARN_DEPRECATED_OBJC_IMPLEMENTATIONS = YES;
				CLANG_WARN_DIRECT_OBJC_ISA_USAGE = YES_ERROR;
				CLANG_WARN_DOCUMENTATION_COMMENTS = YES;
				CLANG_WARN_EMPTY_BODY = YES;
				CLANG_WARN_ENUM_CONVERSION = YES;
				CLANG_WARN_INFINITE_RECURSION = YES;
				CLANG_WARN_INT_CONVERSION = YES;
				CLANG_WARN_NON_LITERAL_NULL_CONVERSION = YES;
				CLANG_WARN_OBJC_IMPLICIT_RETAIN_SELF = YES;
				CLANG_WARN_OBJC_LITERAL_CONVERSION = YES;
				CLANG_WARN_OBJC_ROOT_CLASS = YES_ERROR;
				CLANG_WARN_QUOTED_INCLUDE_IN_FRAMEWORK_HEADER = YES;
				CLANG_WARN_RANGE_LOOP_ANALYSIS = YES;
				CLANG_WARN_STRICT_PROTOTYPES = YES;
				CLANG_WARN_SUSPICIOUS_MOVE = YES;
				CLANG_WARN_UNGUARDED_AVAILABILITY = YES_AGGRESSIVE;
				CLANG_WARN_UNREACHABLE_CODE = YES;
				CLANG_WARN__DUPLICATE_METHOD_MATCH = YES;
				COPY_PHASE_STRIP = NO;
				DEBUG_INFORMATION_FORMAT = dwarf;
				ENABLE_STRICT_OBJC_MSGSEND = YES;
				ENABLE_TESTABILITY = YES;
				GCC_C_LANGUAGE_STANDARD = gnu11;
				GCC_DYNAMIC_NO_PIC = NO;
				GCC_NO_COMMON_BLOCKS = YES;
				GCC_OPTIMIZATION_LEVEL = 0;
				GCC_PREPROCESSOR_DEFINITIONS = (
					"DEBUG=1",
					"$(inherited)",
				);
				GCC_WARN_64_TO_32_BIT_CONVERSION = YES;
				GCC_WARN_ABOUT_RETURN_TYPE = YES_ERROR;
				GCC_WARN_UNDECLARED_SELECTOR = YES;
				GCC_WARN_UNINITIALIZED_AUTOS = YES_AGGRESSIVE;
				GCC_WARN_UNUSED_FUNCTION = YES;
				GCC_WARN_UNUSED_VARIABLE = YES;
				IPHONEOS_DEPLOYMENT_TARGET = 15.4;
				MTL_ENABLE_DEBUG_INFO = INCLUDE_SOURCE;
				MTL_FAST_MATH = YES;
				ONLY_ACTIVE_ARCH = YES;
				SDKROOT = iphoneos;
				SWIFT_ACTIVE_COMPILATION_CONDITIONS = DEBUG;
				SWIFT_OPTIMIZATION_LEVEL = "-Onone";
			};
			name = Debug;
		};
		E34AF7D628F5FA6C00FFE597 /* Release */ = {
			isa = XCBuildConfiguration;
			buildSettings = {
				ALWAYS_SEARCH_USER_PATHS = NO;
				CLANG_ANALYZER_NONNULL = YES;
				CLANG_ANALYZER_NUMBER_OBJECT_CONVERSION = YES_AGGRESSIVE;
				CLANG_CXX_LANGUAGE_STANDARD = "gnu++17";
				CLANG_ENABLE_MODULES = YES;
				CLANG_ENABLE_OBJC_ARC = YES;
				CLANG_ENABLE_OBJC_WEAK = YES;
				CLANG_WARN_BLOCK_CAPTURE_AUTORELEASING = YES;
				CLANG_WARN_BOOL_CONVERSION = YES;
				CLANG_WARN_COMMA = YES;
				CLANG_WARN_CONSTANT_CONVERSION = YES;
				CLANG_WARN_DEPRECATED_OBJC_IMPLEMENTATIONS = YES;
				CLANG_WARN_DIRECT_OBJC_ISA_USAGE = YES_ERROR;
				CLANG_WARN_DOCUMENTATION_COMMENTS = YES;
				CLANG_WARN_EMPTY_BODY = YES;
				CLANG_WARN_ENUM_CONVERSION = YES;
				CLANG_WARN_INFINITE_RECURSION = YES;
				CLANG_WARN_INT_CONVERSION = YES;
				CLANG_WARN_NON_LITERAL_NULL_CONVERSION = YES;
				CLANG_WARN_OBJC_IMPLICIT_RETAIN_SELF = YES;
				CLANG_WARN_OBJC_LITERAL_CONVERSION = YES;
				CLANG_WARN_OBJC_ROOT_CLASS = YES_ERROR;
				CLANG_WARN_QUOTED_INCLUDE_IN_FRAMEWORK_HEADER = YES;
				CLANG_WARN_RANGE_LOOP_ANALYSIS = YES;
				CLANG_WARN_STRICT_PROTOTYPES = YES;
				CLANG_WARN_SUSPICIOUS_MOVE = YES;
				CLANG_WARN_UNGUARDED_AVAILABILITY = YES_AGGRESSIVE;
				CLANG_WARN_UNREACHABLE_CODE = YES;
				CLANG_WARN__DUPLICATE_METHOD_MATCH = YES;
				COPY_PHASE_STRIP = NO;
				DEBUG_INFORMATION_FORMAT = "dwarf-with-dsym";
				ENABLE_NS_ASSERTIONS = NO;
				ENABLE_STRICT_OBJC_MSGSEND = YES;
				GCC_C_LANGUAGE_STANDARD = gnu11;
				GCC_NO_COMMON_BLOCKS = YES;
				GCC_WARN_64_TO_32_BIT_CONVERSION = YES;
				GCC_WARN_ABOUT_RETURN_TYPE = YES_ERROR;
				GCC_WARN_UNDECLARED_SELECTOR = YES;
				GCC_WARN_UNINITIALIZED_AUTOS = YES_AGGRESSIVE;
				GCC_WARN_UNUSED_FUNCTION = YES;
				GCC_WARN_UNUSED_VARIABLE = YES;
				IPHONEOS_DEPLOYMENT_TARGET = 15.4;
				MTL_ENABLE_DEBUG_INFO = NO;
				MTL_FAST_MATH = YES;
				SDKROOT = iphoneos;
				SWIFT_COMPILATION_MODE = wholemodule;
				SWIFT_OPTIMIZATION_LEVEL = "-O";
				VALIDATE_PRODUCT = YES;
			};
			name = Release;
		};
		E34AF7D828F5FA6C00FFE597 /* Debug */ = {
			isa = XCBuildConfiguration;
			buildSettings = {
				ASSETCATALOG_COMPILER_APPICON_NAME = AppIcon;
				ASSETCATALOG_COMPILER_GLOBAL_ACCENT_COLOR_NAME = AccentColor;
				CODE_SIGN_STYLE = Automatic;
				CURRENT_PROJECT_VERSION = 1;
				DEVELOPMENT_ASSET_PATHS = "\"GustoApp/Preview Content\"";
				DEVELOPMENT_TEAM = 67AYPRFZH8;
				ENABLE_PREVIEWS = YES;
				GENERATE_INFOPLIST_FILE = YES;
				INFOPLIST_FILE = GustoApp/Info.plist;
				INFOPLIST_KEY_UIApplicationSceneManifest_Generation = YES;
				INFOPLIST_KEY_UIApplicationSupportsIndirectInputEvents = YES;
				INFOPLIST_KEY_UILaunchScreen_Generation = YES;
				INFOPLIST_KEY_UISupportedInterfaceOrientations_iPad = "UIInterfaceOrientationPortrait UIInterfaceOrientationPortraitUpsideDown UIInterfaceOrientationLandscapeLeft UIInterfaceOrientationLandscapeRight";
				INFOPLIST_KEY_UISupportedInterfaceOrientations_iPhone = "UIInterfaceOrientationPortrait UIInterfaceOrientationLandscapeLeft UIInterfaceOrientationLandscapeRight";
				LD_RUNPATH_SEARCH_PATHS = (
					"$(inherited)",
					"@executable_path/Frameworks",
				);
				MARKETING_VERSION = 1.0;
				PRODUCT_BUNDLE_IDENTIFIER = guilherme.gomes.GustoApp;
				PRODUCT_NAME = "$(TARGET_NAME)";
				SWIFT_EMIT_LOC_STRINGS = YES;
				SWIFT_VERSION = 5.0;
				TARGETED_DEVICE_FAMILY = "1,2";
			};
			name = Debug;
		};
		E34AF7D928F5FA6C00FFE597 /* Release */ = {
			isa = XCBuildConfiguration;
			buildSettings = {
				ASSETCATALOG_COMPILER_APPICON_NAME = AppIcon;
				ASSETCATALOG_COMPILER_GLOBAL_ACCENT_COLOR_NAME = AccentColor;
				CODE_SIGN_STYLE = Automatic;
				CURRENT_PROJECT_VERSION = 1;
				DEVELOPMENT_ASSET_PATHS = "\"GustoApp/Preview Content\"";
				DEVELOPMENT_TEAM = 67AYPRFZH8;
				ENABLE_PREVIEWS = YES;
				GENERATE_INFOPLIST_FILE = YES;
				INFOPLIST_FILE = GustoApp/Info.plist;
				INFOPLIST_KEY_UIApplicationSceneManifest_Generation = YES;
				INFOPLIST_KEY_UIApplicationSupportsIndirectInputEvents = YES;
				INFOPLIST_KEY_UILaunchScreen_Generation = YES;
				INFOPLIST_KEY_UISupportedInterfaceOrientations_iPad = "UIInterfaceOrientationPortrait UIInterfaceOrientationPortraitUpsideDown UIInterfaceOrientationLandscapeLeft UIInterfaceOrientationLandscapeRight";
				INFOPLIST_KEY_UISupportedInterfaceOrientations_iPhone = "UIInterfaceOrientationPortrait UIInterfaceOrientationLandscapeLeft UIInterfaceOrientationLandscapeRight";
				LD_RUNPATH_SEARCH_PATHS = (
					"$(inherited)",
					"@executable_path/Frameworks",
				);
				MARKETING_VERSION = 1.0;
				PRODUCT_BUNDLE_IDENTIFIER = guilherme.gomes.GustoApp;
				PRODUCT_NAME = "$(TARGET_NAME)";
				SWIFT_EMIT_LOC_STRINGS = YES;
				SWIFT_VERSION = 5.0;
				TARGETED_DEVICE_FAMILY = "1,2";
			};
			name = Release;
		};
/* End XCBuildConfiguration section */

/* Begin XCConfigurationList section */
		E34AF7C428F5FA6B00FFE597 /* Build configuration list for PBXProject "GustoApp" */ = {
			isa = XCConfigurationList;
			buildConfigurations = (
				E34AF7D528F5FA6C00FFE597 /* Debug */,
				E34AF7D628F5FA6C00FFE597 /* Release */,
			);
			defaultConfigurationIsVisible = 0;
			defaultConfigurationName = Release;
		};
		E34AF7D728F5FA6C00FFE597 /* Build configuration list for PBXNativeTarget "GustoApp" */ = {
			isa = XCConfigurationList;
			buildConfigurations = (
				E34AF7D828F5FA6C00FFE597 /* Debug */,
				E34AF7D928F5FA6C00FFE597 /* Release */,
			);
			defaultConfigurationIsVisible = 0;
			defaultConfigurationName = Release;
		};
/* End XCConfigurationList section */
	};
	rootObject = E34AF7C128F5FA6B00FFE597 /* Project object */;
}
